// !$*UTF8*$!
{
	archiveVersion = 1;
	classes = {
	};
	objectVersion = 55;
	objects = {

/* Begin PBXBuildFile section */
		6F4395AD2B1767A40E9C4EBB /* Pods_flixster_flixsterUITests.framework in Frameworks */ = {isa = PBXBuildFile; fileRef = BDB4DFE2AEE2BD5CB3FA9125 /* Pods_flixster_flixsterUITests.framework */; };
		A43EACB428D1204E00E3AAB6 /* AlamofireImage in Frameworks */ = {isa = PBXBuildFile; productRef = A43EACB328D1204E00E3AAB6 /* AlamofireImage */; };
		A4627B8728CFFE7400EAE8FD /* AppDelegate.swift in Sources */ = {isa = PBXBuildFile; fileRef = A4627B8628CFFE7400EAE8FD /* AppDelegate.swift */; };
		A4627B8928CFFE7400EAE8FD /* SceneDelegate.swift in Sources */ = {isa = PBXBuildFile; fileRef = A4627B8828CFFE7400EAE8FD /* SceneDelegate.swift */; };
		A4627B8B28CFFE7400EAE8FD /* MoviesViewController.swift in Sources */ = {isa = PBXBuildFile; fileRef = A4627B8A28CFFE7400EAE8FD /* MoviesViewController.swift */; };
		A4627B8E28CFFE7400EAE8FD /* Main.storyboard in Resources */ = {isa = PBXBuildFile; fileRef = A4627B8C28CFFE7400EAE8FD /* Main.storyboard */; };
		A4627B9028CFFE7700EAE8FD /* Assets.xcassets in Resources */ = {isa = PBXBuildFile; fileRef = A4627B8F28CFFE7700EAE8FD /* Assets.xcassets */; };
		A4627B9328CFFE7700EAE8FD /* LaunchScreen.storyboard in Resources */ = {isa = PBXBuildFile; fileRef = A4627B9128CFFE7700EAE8FD /* LaunchScreen.storyboard */; };
		A4627B9E28CFFE7700EAE8FD /* flixsterTests.swift in Sources */ = {isa = PBXBuildFile; fileRef = A4627B9D28CFFE7700EAE8FD /* flixsterTests.swift */; };
		A4627BA828CFFE7700EAE8FD /* flixsterUITests.swift in Sources */ = {isa = PBXBuildFile; fileRef = A4627BA728CFFE7700EAE8FD /* flixsterUITests.swift */; };
		A4627BAA28CFFE7700EAE8FD /* flixsterUITestsLaunchTests.swift in Sources */ = {isa = PBXBuildFile; fileRef = A4627BA928CFFE7700EAE8FD /* flixsterUITestsLaunchTests.swift */; };
		A4627BB728D0650E00EAE8FD /* MovieCell.swift in Sources */ = {isa = PBXBuildFile; fileRef = A4627BB628D0650E00EAE8FD /* MovieCell.swift */; };
		E05F3BCBC19E20E61FD01FD9 /* Pods_flixster.framework in Frameworks */ = {isa = PBXBuildFile; fileRef = 501E434CEE77FC08AB9709D3 /* Pods_flixster.framework */; };
		FED76D1275ED85409CCE3364 /* Pods_flixsterTests.framework in Frameworks */ = {isa = PBXBuildFile; fileRef = 01D66AC6885E570E75C93201 /* Pods_flixsterTests.framework */; };
/* End PBXBuildFile section */

/* Begin PBXContainerItemProxy section */
		A4627B9A28CFFE7700EAE8FD /* PBXContainerItemProxy */ = {
			isa = PBXContainerItemProxy;
			containerPortal = A4627B7B28CFFE7400EAE8FD /* Project object */;
			proxyType = 1;
			remoteGlobalIDString = A4627B8228CFFE7400EAE8FD;
			remoteInfo = flixster;
		};
		A4627BA428CFFE7700EAE8FD /* PBXContainerItemProxy */ = {
			isa = PBXContainerItemProxy;
			containerPortal = A4627B7B28CFFE7400EAE8FD /* Project object */;
			proxyType = 1;
			remoteGlobalIDString = A4627B8228CFFE7400EAE8FD;
			remoteInfo = flixster;
		};
/* End PBXContainerItemProxy section */

/* Begin PBXFileReference section */
		01D66AC6885E570E75C93201 /* Pods_flixsterTests.framework */ = {isa = PBXFileReference; explicitFileType = wrapper.framework; includeInIndex = 0; path = Pods_flixsterTests.framework; sourceTree = BUILT_PRODUCTS_DIR; };
		0DBA38F22C23D96DBA7FBDAD /* Pods-flixster.release.xcconfig */ = {isa = PBXFileReference; includeInIndex = 1; lastKnownFileType = text.xcconfig; name = "Pods-flixster.release.xcconfig"; path = "Target Support Files/Pods-flixster/Pods-flixster.release.xcconfig"; sourceTree = "<group>"; };
		1CDDFFA2EB0F39F0D1EC6590 /* Pods-flixster-flixsterUITests.debug.xcconfig */ = {isa = PBXFileReference; includeInIndex = 1; lastKnownFileType = text.xcconfig; name = "Pods-flixster-flixsterUITests.debug.xcconfig"; path = "Target Support Files/Pods-flixster-flixsterUITests/Pods-flixster-flixsterUITests.debug.xcconfig"; sourceTree = "<group>"; };
		1DACA315AD2CCC25EC842E6E /* Pods-flixsterTests.release.xcconfig */ = {isa = PBXFileReference; includeInIndex = 1; lastKnownFileType = text.xcconfig; name = "Pods-flixsterTests.release.xcconfig"; path = "Target Support Files/Pods-flixsterTests/Pods-flixsterTests.release.xcconfig"; sourceTree = "<group>"; };
		2485D3B03EA1C8FF5E831E48 /* Pods-flixster-flixsterUITests.release.xcconfig */ = {isa = PBXFileReference; includeInIndex = 1; lastKnownFileType = text.xcconfig; name = "Pods-flixster-flixsterUITests.release.xcconfig"; path = "Target Support Files/Pods-flixster-flixsterUITests/Pods-flixster-flixsterUITests.release.xcconfig"; sourceTree = "<group>"; };
		501E434CEE77FC08AB9709D3 /* Pods_flixster.framework */ = {isa = PBXFileReference; explicitFileType = wrapper.framework; includeInIndex = 0; path = Pods_flixster.framework; sourceTree = BUILT_PRODUCTS_DIR; };
		5F7F22EED6575F8F51B4134F /* Pods-flixster.debug.xcconfig */ = {isa = PBXFileReference; includeInIndex = 1; lastKnownFileType = text.xcconfig; name = "Pods-flixster.debug.xcconfig"; path = "Target Support Files/Pods-flixster/Pods-flixster.debug.xcconfig"; sourceTree = "<group>"; };
		A4627B8328CFFE7400EAE8FD /* flixster.app */ = {isa = PBXFileReference; explicitFileType = wrapper.application; includeInIndex = 0; path = flixster.app; sourceTree = BUILT_PRODUCTS_DIR; };
		A4627B8628CFFE7400EAE8FD /* AppDelegate.swift */ = {isa = PBXFileReference; lastKnownFileType = sourcecode.swift; path = AppDelegate.swift; sourceTree = "<group>"; };
		A4627B8828CFFE7400EAE8FD /* SceneDelegate.swift */ = {isa = PBXFileReference; lastKnownFileType = sourcecode.swift; path = SceneDelegate.swift; sourceTree = "<group>"; };
		A4627B8A28CFFE7400EAE8FD /* MoviesViewController.swift */ = {isa = PBXFileReference; lastKnownFileType = sourcecode.swift; path = MoviesViewController.swift; sourceTree = "<group>"; };
		A4627B8D28CFFE7400EAE8FD /* Base */ = {isa = PBXFileReference; lastKnownFileType = file.storyboard; name = Base; path = Base.lproj/Main.storyboard; sourceTree = "<group>"; };
		A4627B8F28CFFE7700EAE8FD /* Assets.xcassets */ = {isa = PBXFileReference; lastKnownFileType = folder.assetcatalog; path = Assets.xcassets; sourceTree = "<group>"; };
		A4627B9228CFFE7700EAE8FD /* Base */ = {isa = PBXFileReference; lastKnownFileType = file.storyboard; name = Base; path = Base.lproj/LaunchScreen.storyboard; sourceTree = "<group>"; };
		A4627B9428CFFE7700EAE8FD /* Info.plist */ = {isa = PBXFileReference; lastKnownFileType = text.plist.xml; path = Info.plist; sourceTree = "<group>"; };
		A4627B9928CFFE7700EAE8FD /* flixsterTests.xctest */ = {isa = PBXFileReference; explicitFileType = wrapper.cfbundle; includeInIndex = 0; path = flixsterTests.xctest; sourceTree = BUILT_PRODUCTS_DIR; };
		A4627B9D28CFFE7700EAE8FD /* flixsterTests.swift */ = {isa = PBXFileReference; lastKnownFileType = sourcecode.swift; path = flixsterTests.swift; sourceTree = "<group>"; };
		A4627BA328CFFE7700EAE8FD /* flixsterUITests.xctest */ = {isa = PBXFileReference; explicitFileType = wrapper.cfbundle; includeInIndex = 0; path = flixsterUITests.xctest; sourceTree = BUILT_PRODUCTS_DIR; };
		A4627BA728CFFE7700EAE8FD /* flixsterUITests.swift */ = {isa = PBXFileReference; lastKnownFileType = sourcecode.swift; path = flixsterUITests.swift; sourceTree = "<group>"; };
		A4627BA928CFFE7700EAE8FD /* flixsterUITestsLaunchTests.swift */ = {isa = PBXFileReference; lastKnownFileType = sourcecode.swift; path = flixsterUITestsLaunchTests.swift; sourceTree = "<group>"; };
		A4627BB628D0650E00EAE8FD /* MovieCell.swift */ = {isa = PBXFileReference; lastKnownFileType = sourcecode.swift; path = MovieCell.swift; sourceTree = "<group>"; };
		BDB4DFE2AEE2BD5CB3FA9125 /* Pods_flixster_flixsterUITests.framework */ = {isa = PBXFileReference; explicitFileType = wrapper.framework; includeInIndex = 0; path = Pods_flixster_flixsterUITests.framework; sourceTree = BUILT_PRODUCTS_DIR; };
		DB20025452D9B13F30CBD1C2 /* Pods-flixsterTests.debug.xcconfig */ = {isa = PBXFileReference; includeInIndex = 1; lastKnownFileType = text.xcconfig; name = "Pods-flixsterTests.debug.xcconfig"; path = "Target Support Files/Pods-flixsterTests/Pods-flixsterTests.debug.xcconfig"; sourceTree = "<group>"; };
/* End PBXFileReference section */

/* Begin PBXFrameworksBuildPhase section */
		A4627B8028CFFE7400EAE8FD /* Frameworks */ = {
			isa = PBXFrameworksBuildPhase;
			buildActionMask = 2147483647;
			files = (
				A43EACB428D1204E00E3AAB6 /* AlamofireImage in Frameworks */,
				E05F3BCBC19E20E61FD01FD9 /* Pods_flixster.framework in Frameworks */,
			);
			runOnlyForDeploymentPostprocessing = 0;
		};
		A4627B9628CFFE7700EAE8FD /* Frameworks */ = {
			isa = PBXFrameworksBuildPhase;
			buildActionMask = 2147483647;
			files = (
				FED76D1275ED85409CCE3364 /* Pods_flixsterTests.framework in Frameworks */,
			);
			runOnlyForDeploymentPostprocessing = 0;
		};
		A4627BA028CFFE7700EAE8FD /* Frameworks */ = {
			isa = PBXFrameworksBuildPhase;
			buildActionMask = 2147483647;
			files = (
				6F4395AD2B1767A40E9C4EBB /* Pods_flixster_flixsterUITests.framework in Frameworks */,
			);
			runOnlyForDeploymentPostprocessing = 0;
		};
/* End PBXFrameworksBuildPhase section */

/* Begin PBXGroup section */
		4646EDC005D31044DCE5A773 /* Pods */ = {
			isa = PBXGroup;
			children = (
				5F7F22EED6575F8F51B4134F /* Pods-flixster.debug.xcconfig */,
				0DBA38F22C23D96DBA7FBDAD /* Pods-flixster.release.xcconfig */,
				1CDDFFA2EB0F39F0D1EC6590 /* Pods-flixster-flixsterUITests.debug.xcconfig */,
				2485D3B03EA1C8FF5E831E48 /* Pods-flixster-flixsterUITests.release.xcconfig */,
				DB20025452D9B13F30CBD1C2 /* Pods-flixsterTests.debug.xcconfig */,
				1DACA315AD2CCC25EC842E6E /* Pods-flixsterTests.release.xcconfig */,
			);
			name = Pods;
			path = Pods;
			sourceTree = "<group>";
		};
		603E6EA87F63D045AC7E434A /* Frameworks */ = {
			isa = PBXGroup;
			children = (
				501E434CEE77FC08AB9709D3 /* Pods_flixster.framework */,
				BDB4DFE2AEE2BD5CB3FA9125 /* Pods_flixster_flixsterUITests.framework */,
				01D66AC6885E570E75C93201 /* Pods_flixsterTests.framework */,
			);
			name = Frameworks;
			sourceTree = "<group>";
		};
		A4627B7A28CFFE7400EAE8FD = {
			isa = PBXGroup;
			children = (
				A4627B8528CFFE7400EAE8FD /* flixster */,
				A4627B9C28CFFE7700EAE8FD /* flixsterTests */,
				A4627BA628CFFE7700EAE8FD /* flixsterUITests */,
				A4627B8428CFFE7400EAE8FD /* Products */,
				4646EDC005D31044DCE5A773 /* Pods */,
				603E6EA87F63D045AC7E434A /* Frameworks */,
			);
			sourceTree = "<group>";
		};
		A4627B8428CFFE7400EAE8FD /* Products */ = {
			isa = PBXGroup;
			children = (
				A4627B8328CFFE7400EAE8FD /* flixster.app */,
				A4627B9928CFFE7700EAE8FD /* flixsterTests.xctest */,
				A4627BA328CFFE7700EAE8FD /* flixsterUITests.xctest */,
			);
			name = Products;
			sourceTree = "<group>";
		};
		A4627B8528CFFE7400EAE8FD /* flixster */ = {
			isa = PBXGroup;
			children = (
				A4627B8628CFFE7400EAE8FD /* AppDelegate.swift */,
				A4627B8828CFFE7400EAE8FD /* SceneDelegate.swift */,
				A4627B8A28CFFE7400EAE8FD /* MoviesViewController.swift */,
				A4627BB628D0650E00EAE8FD /* MovieCell.swift */,
				A4627B8C28CFFE7400EAE8FD /* Main.storyboard */,
				A4627B8F28CFFE7700EAE8FD /* Assets.xcassets */,
				A4627B9128CFFE7700EAE8FD /* LaunchScreen.storyboard */,
				A4627B9428CFFE7700EAE8FD /* Info.plist */,
			);
			path = flixster;
			sourceTree = "<group>";
		};
		A4627B9C28CFFE7700EAE8FD /* flixsterTests */ = {
			isa = PBXGroup;
			children = (
				A4627B9D28CFFE7700EAE8FD /* flixsterTests.swift */,
			);
			path = flixsterTests;
			sourceTree = "<group>";
		};
		A4627BA628CFFE7700EAE8FD /* flixsterUITests */ = {
			isa = PBXGroup;
			children = (
				A4627BA728CFFE7700EAE8FD /* flixsterUITests.swift */,
				A4627BA928CFFE7700EAE8FD /* flixsterUITestsLaunchTests.swift */,
			);
			path = flixsterUITests;
			sourceTree = "<group>";
		};
/* End PBXGroup section */

/* Begin PBXNativeTarget section */
		A4627B8228CFFE7400EAE8FD /* flixster */ = {
			isa = PBXNativeTarget;
			buildConfigurationList = A4627BAD28CFFE7700EAE8FD /* Build configuration list for PBXNativeTarget "flixster" */;
			buildPhases = (
				8E117234FB7A89FC49A07AB3 /* [CP] Check Pods Manifest.lock */,
				A4627B7F28CFFE7400EAE8FD /* Sources */,
				A4627B8028CFFE7400EAE8FD /* Frameworks */,
				A4627B8128CFFE7400EAE8FD /* Resources */,
				F1B1868FD870DFF87F25FFF6 /* [CP] Embed Pods Frameworks */,
			);
			buildRules = (
			);
			dependencies = (
			);
			name = flixster;
			packageProductDependencies = (
				A43EACB328D1204E00E3AAB6 /* AlamofireImage */,
			);
			productName = flixster;
			productReference = A4627B8328CFFE7400EAE8FD /* flixster.app */;
			productType = "com.apple.product-type.application";
		};
		A4627B9828CFFE7700EAE8FD /* flixsterTests */ = {
			isa = PBXNativeTarget;
			buildConfigurationList = A4627BB028CFFE7700EAE8FD /* Build configuration list for PBXNativeTarget "flixsterTests" */;
			buildPhases = (
				C7FD9695130E5D460CBC165A /* [CP] Check Pods Manifest.lock */,
				A4627B9528CFFE7700EAE8FD /* Sources */,
				A4627B9628CFFE7700EAE8FD /* Frameworks */,
				A4627B9728CFFE7700EAE8FD /* Resources */,
			);
			buildRules = (
			);
			dependencies = (
				A4627B9B28CFFE7700EAE8FD /* PBXTargetDependency */,
			);
			name = flixsterTests;
			productName = flixsterTests;
			productReference = A4627B9928CFFE7700EAE8FD /* flixsterTests.xctest */;
			productType = "com.apple.product-type.bundle.unit-test";
		};
		A4627BA228CFFE7700EAE8FD /* flixsterUITests */ = {
			isa = PBXNativeTarget;
			buildConfigurationList = A4627BB328CFFE7700EAE8FD /* Build configuration list for PBXNativeTarget "flixsterUITests" */;
			buildPhases = (
				C13DAE13AA3F21BE207424DC /* [CP] Check Pods Manifest.lock */,
				A4627B9F28CFFE7700EAE8FD /* Sources */,
				A4627BA028CFFE7700EAE8FD /* Frameworks */,
				A4627BA128CFFE7700EAE8FD /* Resources */,
				123E1A1D59DEAF541124AB17 /* [CP] Embed Pods Frameworks */,
			);
			buildRules = (
			);
			dependencies = (
				A4627BA528CFFE7700EAE8FD /* PBXTargetDependency */,
			);
			name = flixsterUITests;
			productName = flixsterUITests;
			productReference = A4627BA328CFFE7700EAE8FD /* flixsterUITests.xctest */;
			productType = "com.apple.product-type.bundle.ui-testing";
		};
/* End PBXNativeTarget section */

/* Begin PBXProject section */
		A4627B7B28CFFE7400EAE8FD /* Project object */ = {
			isa = PBXProject;
			attributes = {
				BuildIndependentTargetsInParallel = 1;
				LastSwiftUpdateCheck = 1340;
				LastUpgradeCheck = 1340;
				TargetAttributes = {
					A4627B8228CFFE7400EAE8FD = {
						CreatedOnToolsVersion = 13.4.1;
					};
					A4627B9828CFFE7700EAE8FD = {
						CreatedOnToolsVersion = 13.4.1;
						TestTargetID = A4627B8228CFFE7400EAE8FD;
					};
					A4627BA228CFFE7700EAE8FD = {
						CreatedOnToolsVersion = 13.4.1;
						TestTargetID = A4627B8228CFFE7400EAE8FD;
					};
				};
			};
			buildConfigurationList = A4627B7E28CFFE7400EAE8FD /* Build configuration list for PBXProject "flixster" */;
			compatibilityVersion = "Xcode 13.0";
			developmentRegion = en;
			hasScannedForEncodings = 0;
			knownRegions = (
				en,
				Base,
			);
			mainGroup = A4627B7A28CFFE7400EAE8FD;
			packageReferences = (
				A43EACB228D1204E00E3AAB6 /* XCRemoteSwiftPackageReference "AlamofireImage" */,
			);
			productRefGroup = A4627B8428CFFE7400EAE8FD /* Products */;
			projectDirPath = "";
			projectRoot = "";
			targets = (
				A4627B8228CFFE7400EAE8FD /* flixster */,
				A4627B9828CFFE7700EAE8FD /* flixsterTests */,
				A4627BA228CFFE7700EAE8FD /* flixsterUITests */,
			);
		};
/* End PBXProject section */

/* Begin PBXResourcesBuildPhase section */
		A4627B8128CFFE7400EAE8FD /* Resources */ = {
			isa = PBXResourcesBuildPhase;
			buildActionMask = 2147483647;
			files = (
				A4627B9328CFFE7700EAE8FD /* LaunchScreen.storyboard in Resources */,
				A4627B9028CFFE7700EAE8FD /* Assets.xcassets in Resources */,
				A4627B8E28CFFE7400EAE8FD /* Main.storyboard in Resources */,
			);
			runOnlyForDeploymentPostprocessing = 0;
		};
		A4627B9728CFFE7700EAE8FD /* Resources */ = {
			isa = PBXResourcesBuildPhase;
			buildActionMask = 2147483647;
			files = (
			);
			runOnlyForDeploymentPostprocessing = 0;
		};
		A4627BA128CFFE7700EAE8FD /* Resources */ = {
			isa = PBXResourcesBuildPhase;
			buildActionMask = 2147483647;
			files = (
			);
			runOnlyForDeploymentPostprocessing = 0;
		};
/* End PBXResourcesBuildPhase section */

/* Begin PBXShellScriptBuildPhase section */
		123E1A1D59DEAF541124AB17 /* [CP] Embed Pods Frameworks */ = {
			isa = PBXShellScriptBuildPhase;
			buildActionMask = 2147483647;
			files = (
			);
			inputFileListPaths = (
				"${PODS_ROOT}/Target Support Files/Pods-flixster-flixsterUITests/Pods-flixster-flixsterUITests-frameworks-${CONFIGURATION}-input-files.xcfilelist",
			);
			name = "[CP] Embed Pods Frameworks";
			outputFileListPaths = (
				"${PODS_ROOT}/Target Support Files/Pods-flixster-flixsterUITests/Pods-flixster-flixsterUITests-frameworks-${CONFIGURATION}-output-files.xcfilelist",
			);
			runOnlyForDeploymentPostprocessing = 0;
			shellPath = /bin/sh;
			shellScript = "\"${PODS_ROOT}/Target Support Files/Pods-flixster-flixsterUITests/Pods-flixster-flixsterUITests-frameworks.sh\"\n";
			showEnvVarsInLog = 0;
		};
		8E117234FB7A89FC49A07AB3 /* [CP] Check Pods Manifest.lock */ = {
			isa = PBXShellScriptBuildPhase;
			buildActionMask = 2147483647;
			files = (
			);
			inputFileListPaths = (
			);
			inputPaths = (
				"${PODS_PODFILE_DIR_PATH}/Podfile.lock",
				"${PODS_ROOT}/Manifest.lock",
			);
			name = "[CP] Check Pods Manifest.lock";
			outputFileListPaths = (
			);
			outputPaths = (
				"$(DERIVED_FILE_DIR)/Pods-flixster-checkManifestLockResult.txt",
			);
			runOnlyForDeploymentPostprocessing = 0;
			shellPath = /bin/sh;
			shellScript = "diff \"${PODS_PODFILE_DIR_PATH}/Podfile.lock\" \"${PODS_ROOT}/Manifest.lock\" > /dev/null\nif [ $? != 0 ] ; then\n    # print error to STDERR\n    echo \"error: The sandbox is not in sync with the Podfile.lock. Run 'pod install' or update your CocoaPods installation.\" >&2\n    exit 1\nfi\n# This output is used by Xcode 'outputs' to avoid re-running this script phase.\necho \"SUCCESS\" > \"${SCRIPT_OUTPUT_FILE_0}\"\n";
			showEnvVarsInLog = 0;
		};
		C13DAE13AA3F21BE207424DC /* [CP] Check Pods Manifest.lock */ = {
			isa = PBXShellScriptBuildPhase;
			buildActionMask = 2147483647;
			files = (
			);
			inputFileListPaths = (
			);
			inputPaths = (
				"${PODS_PODFILE_DIR_PATH}/Podfile.lock",
				"${PODS_ROOT}/Manifest.lock",
			);
			name = "[CP] Check Pods Manifest.lock";
			outputFileListPaths = (
			);
			outputPaths = (
				"$(DERIVED_FILE_DIR)/Pods-flixster-flixsterUITests-checkManifestLockResult.txt",
			);
			runOnlyForDeploymentPostprocessing = 0;
			shellPath = /bin/sh;
			shellScript = "diff \"${PODS_PODFILE_DIR_PATH}/Podfile.lock\" \"${PODS_ROOT}/Manifest.lock\" > /dev/null\nif [ $? != 0 ] ; then\n    # print error to STDERR\n    echo \"error: The sandbox is not in sync with the Podfile.lock. Run 'pod install' or update your CocoaPods installation.\" >&2\n    exit 1\nfi\n# This output is used by Xcode 'outputs' to avoid re-running this script phase.\necho \"SUCCESS\" > \"${SCRIPT_OUTPUT_FILE_0}\"\n";
			showEnvVarsInLog = 0;
		};
		C7FD9695130E5D460CBC165A /* [CP] Check Pods Manifest.lock */ = {
			isa = PBXShellScriptBuildPhase;
			buildActionMask = 2147483647;
			files = (
			);
			inputFileListPaths = (
			);
			inputPaths = (
				"${PODS_PODFILE_DIR_PATH}/Podfile.lock",
				"${PODS_ROOT}/Manifest.lock",
			);
			name = "[CP] Check Pods Manifest.lock";
			outputFileListPaths = (
			);
			outputPaths = (
				"$(DERIVED_FILE_DIR)/Pods-flixsterTests-checkManifestLockResult.txt",
			);
			runOnlyForDeploymentPostprocessing = 0;
			shellPath = /bin/sh;
			shellScript = "diff \"${PODS_PODFILE_DIR_PATH}/Podfile.lock\" \"${PODS_ROOT}/Manifest.lock\" > /dev/null\nif [ $? != 0 ] ; then\n    # print error to STDERR\n    echo \"error: The sandbox is not in sync with the Podfile.lock. Run 'pod install' or update your CocoaPods installation.\" >&2\n    exit 1\nfi\n# This output is used by Xcode 'outputs' to avoid re-running this script phase.\necho \"SUCCESS\" > \"${SCRIPT_OUTPUT_FILE_0}\"\n";
			showEnvVarsInLog = 0;
		};
		F1B1868FD870DFF87F25FFF6 /* [CP] Embed Pods Frameworks */ = {
			isa = PBXShellScriptBuildPhase;
			buildActionMask = 2147483647;
			files = (
			);
			inputFileListPaths = (
				"${PODS_ROOT}/Target Support Files/Pods-flixster/Pods-flixster-frameworks-${CONFIGURATION}-input-files.xcfilelist",
			);
			name = "[CP] Embed Pods Frameworks";
			outputFileListPaths = (
				"${PODS_ROOT}/Target Support Files/Pods-flixster/Pods-flixster-frameworks-${CONFIGURATION}-output-files.xcfilelist",
			);
			runOnlyForDeploymentPostprocessing = 0;
			shellPath = /bin/sh;
			shellScript = "\"${PODS_ROOT}/Target Support Files/Pods-flixster/Pods-flixster-frameworks.sh\"\n";
			showEnvVarsInLog = 0;
		};
/* End PBXShellScriptBuildPhase section */

/* Begin PBXSourcesBuildPhase section */
		A4627B7F28CFFE7400EAE8FD /* Sources */ = {
			isa = PBXSourcesBuildPhase;
			buildActionMask = 2147483647;
			files = (
				A4627B8B28CFFE7400EAE8FD /* MoviesViewController.swift in Sources */,
				A4627B8728CFFE7400EAE8FD /* AppDelegate.swift in Sources */,
				A4627BB728D0650E00EAE8FD /* MovieCell.swift in Sources */,
				A4627B8928CFFE7400EAE8FD /* SceneDelegate.swift in Sources */,
			);
			runOnlyForDeploymentPostprocessing = 0;
		};
		A4627B9528CFFE7700EAE8FD /* Sources */ = {
			isa = PBXSourcesBuildPhase;
			buildActionMask = 2147483647;
			files = (
				A4627B9E28CFFE7700EAE8FD /* flixsterTests.swift in Sources */,
			);
			runOnlyForDeploymentPostprocessing = 0;
		};
		A4627B9F28CFFE7700EAE8FD /* Sources */ = {
			isa = PBXSourcesBuildPhase;
			buildActionMask = 2147483647;
			files = (
				A4627BAA28CFFE7700EAE8FD /* flixsterUITestsLaunchTests.swift in Sources */,
				A4627BA828CFFE7700EAE8FD /* flixsterUITests.swift in Sources */,
			);
			runOnlyForDeploymentPostprocessing = 0;
		};
/* End PBXSourcesBuildPhase section */

/* Begin PBXTargetDependency section */
		A4627B9B28CFFE7700EAE8FD /* PBXTargetDependency */ = {
			isa = PBXTargetDependency;
			target = A4627B8228CFFE7400EAE8FD /* flixster */;
			targetProxy = A4627B9A28CFFE7700EAE8FD /* PBXContainerItemProxy */;
		};
		A4627BA528CFFE7700EAE8FD /* PBXTargetDependency */ = {
			isa = PBXTargetDependency;
			target = A4627B8228CFFE7400EAE8FD /* flixster */;
			targetProxy = A4627BA428CFFE7700EAE8FD /* PBXContainerItemProxy */;
		};
/* End PBXTargetDependency section */

/* Begin PBXVariantGroup section */
		A4627B8C28CFFE7400EAE8FD /* Main.storyboard */ = {
			isa = PBXVariantGroup;
			children = (
				A4627B8D28CFFE7400EAE8FD /* Base */,
			);
			name = Main.storyboard;
			sourceTree = "<group>";
		};
		A4627B9128CFFE7700EAE8FD /* LaunchScreen.storyboard */ = {
			isa = PBXVariantGroup;
			children = (
				A4627B9228CFFE7700EAE8FD /* Base */,
			);
			name = LaunchScreen.storyboard;
			sourceTree = "<group>";
		};
/* End PBXVariantGroup section */

/* Begin XCBuildConfiguration section */
		A4627BAB28CFFE7700EAE8FD /* Debug */ = {
			isa = XCBuildConfiguration;
			buildSettings = {
				ALWAYS_SEARCH_USER_PATHS = NO;
				CLANG_ANALYZER_NONNULL = YES;
				CLANG_ANALYZER_NUMBER_OBJECT_CONVERSION = YES_AGGRESSIVE;
				CLANG_CXX_LANGUAGE_STANDARD = "gnu++17";
				CLANG_ENABLE_MODULES = YES;
				CLANG_ENABLE_OBJC_ARC = YES;
				CLANG_ENABLE_OBJC_WEAK = YES;
				CLANG_WARN_BLOCK_CAPTURE_AUTORELEASING = YES;
				CLANG_WARN_BOOL_CONVERSION = YES;
				CLANG_WARN_COMMA = YES;
				CLANG_WARN_CONSTANT_CONVERSION = YES;
				CLANG_WARN_DEPRECATED_OBJC_IMPLEMENTATIONS = YES;
				CLANG_WARN_DIRECT_OBJC_ISA_USAGE = YES_ERROR;
				CLANG_WARN_DOCUMENTATION_COMMENTS = YES;
				CLANG_WARN_EMPTY_BODY = YES;
				CLANG_WARN_ENUM_CONVERSION = YES;
				CLANG_WARN_INFINITE_RECURSION = YES;
				CLANG_WARN_INT_CONVERSION = YES;
				CLANG_WARN_NON_LITERAL_NULL_CONVERSION = YES;
				CLANG_WARN_OBJC_IMPLICIT_RETAIN_SELF = YES;
				CLANG_WARN_OBJC_LITERAL_CONVERSION = YES;
				CLANG_WARN_OBJC_ROOT_CLASS = YES_ERROR;
				CLANG_WARN_QUOTED_INCLUDE_IN_FRAMEWORK_HEADER = YES;
				CLANG_WARN_RANGE_LOOP_ANALYSIS = YES;
				CLANG_WARN_STRICT_PROTOTYPES = YES;
				CLANG_WARN_SUSPICIOUS_MOVE = YES;
				CLANG_WARN_UNGUARDED_AVAILABILITY = YES_AGGRESSIVE;
				CLANG_WARN_UNREACHABLE_CODE = YES;
				CLANG_WARN__DUPLICATE_METHOD_MATCH = YES;
				COPY_PHASE_STRIP = NO;
				DEBUG_INFORMATION_FORMAT = dwarf;
				ENABLE_STRICT_OBJC_MSGSEND = YES;
				ENABLE_TESTABILITY = YES;
				GCC_C_LANGUAGE_STANDARD = gnu11;
				GCC_DYNAMIC_NO_PIC = NO;
				GCC_NO_COMMON_BLOCKS = YES;
				GCC_OPTIMIZATION_LEVEL = 0;
				GCC_PREPROCESSOR_DEFINITIONS = (
					"DEBUG=1",
					"$(inherited)",
				);
				GCC_WARN_64_TO_32_BIT_CONVERSION = YES;
				GCC_WARN_ABOUT_RETURN_TYPE = YES_ERROR;
				GCC_WARN_UNDECLARED_SELECTOR = YES;
				GCC_WARN_UNINITIALIZED_AUTOS = YES_AGGRESSIVE;
				GCC_WARN_UNUSED_FUNCTION = YES;
				GCC_WARN_UNUSED_VARIABLE = YES;
				IPHONEOS_DEPLOYMENT_TARGET = 15.5;
				MTL_ENABLE_DEBUG_INFO = INCLUDE_SOURCE;
				MTL_FAST_MATH = YES;
				ONLY_ACTIVE_ARCH = YES;
				SDKROOT = iphoneos;
				SWIFT_ACTIVE_COMPILATION_CONDITIONS = DEBUG;
				SWIFT_OPTIMIZATION_LEVEL = "-Onone";
			};
			name = Debug;
		};
		A4627BAC28CFFE7700EAE8FD /* Release */ = {
			isa = XCBuildConfiguration;
			buildSettings = {
				ALWAYS_SEARCH_USER_PATHS = NO;
				CLANG_ANALYZER_NONNULL = YES;
				CLANG_ANALYZER_NUMBER_OBJECT_CONVERSION = YES_AGGRESSIVE;
				CLANG_CXX_LANGUAGE_STANDARD = "gnu++17";
				CLANG_ENABLE_MODULES = YES;
				CLANG_ENABLE_OBJC_ARC = YES;
				CLANG_ENABLE_OBJC_WEAK = YES;
				CLANG_WARN_BLOCK_CAPTURE_AUTORELEASING = YES;
				CLANG_WARN_BOOL_CONVERSION = YES;
				CLANG_WARN_COMMA = YES;
				CLANG_WARN_CONSTANT_CONVERSION = YES;
				CLANG_WARN_DEPRECATED_OBJC_IMPLEMENTATIONS = YES;
				CLANG_WARN_DIRECT_OBJC_ISA_USAGE = YES_ERROR;
				CLANG_WARN_DOCUMENTATION_COMMENTS = YES;
				CLANG_WARN_EMPTY_BODY = YES;
				CLANG_WARN_ENUM_CONVERSION = YES;
				CLANG_WARN_INFINITE_RECURSION = YES;
				CLANG_WARN_INT_CONVERSION = YES;
				CLANG_WARN_NON_LITERAL_NULL_CONVERSION = YES;
				CLANG_WARN_OBJC_IMPLICIT_RETAIN_SELF = YES;
				CLANG_WARN_OBJC_LITERAL_CONVERSION = YES;
				CLANG_WARN_OBJC_ROOT_CLASS = YES_ERROR;
				CLANG_WARN_QUOTED_INCLUDE_IN_FRAMEWORK_HEADER = YES;
				CLANG_WARN_RANGE_LOOP_ANALYSIS = YES;
				CLANG_WARN_STRICT_PROTOTYPES = YES;
				CLANG_WARN_SUSPICIOUS_MOVE = YES;
				CLANG_WARN_UNGUARDED_AVAILABILITY = YES_AGGRESSIVE;
				CLANG_WARN_UNREACHABLE_CODE = YES;
				CLANG_WARN__DUPLICATE_METHOD_MATCH = YES;
				COPY_PHASE_STRIP = NO;
				DEBUG_INFORMATION_FORMAT = "dwarf-with-dsym";
				ENABLE_NS_ASSERTIONS = NO;
				ENABLE_STRICT_OBJC_MSGSEND = YES;
				GCC_C_LANGUAGE_STANDARD = gnu11;
				GCC_NO_COMMON_BLOCKS = YES;
				GCC_WARN_64_TO_32_BIT_CONVERSION = YES;
				GCC_WARN_ABOUT_RETURN_TYPE = YES_ERROR;
				GCC_WARN_UNDECLARED_SELECTOR = YES;
				GCC_WARN_UNINITIALIZED_AUTOS = YES_AGGRESSIVE;
				GCC_WARN_UNUSED_FUNCTION = YES;
				GCC_WARN_UNUSED_VARIABLE = YES;
				IPHONEOS_DEPLOYMENT_TARGET = 15.5;
				MTL_ENABLE_DEBUG_INFO = NO;
				MTL_FAST_MATH = YES;
				SDKROOT = iphoneos;
				SWIFT_COMPILATION_MODE = wholemodule;
				SWIFT_OPTIMIZATION_LEVEL = "-O";
				VALIDATE_PRODUCT = YES;
			};
			name = Release;
		};
		A4627BAE28CFFE7700EAE8FD /* Debug */ = {
			isa = XCBuildConfiguration;
			baseConfigurationReference = 5F7F22EED6575F8F51B4134F /* Pods-flixster.debug.xcconfig */;
			buildSettings = {
				ASSETCATALOG_COMPILER_APPICON_NAME = AppIcon;
				ASSETCATALOG_COMPILER_GLOBAL_ACCENT_COLOR_NAME = AccentColor;
				CODE_SIGN_STYLE = Automatic;
				CURRENT_PROJECT_VERSION = 1;
				DEVELOPMENT_TEAM = 736CS4AVMR;
				GENERATE_INFOPLIST_FILE = YES;
				INFOPLIST_FILE = flixster/Info.plist;
				INFOPLIST_KEY_UIApplicationSupportsIndirectInputEvents = YES;
				INFOPLIST_KEY_UILaunchStoryboardName = LaunchScreen;
				INFOPLIST_KEY_UIMainStoryboardFile = Main;
				INFOPLIST_KEY_UISupportedInterfaceOrientations = "UIInterfaceOrientationLandscapeRight UIInterfaceOrientationPortrait UIInterfaceOrientationLandscapeLeft";
				INFOPLIST_KEY_UISupportedInterfaceOrientations_iPad = "UIInterfaceOrientationPortrait UIInterfaceOrientationPortraitUpsideDown UIInterfaceOrientationLandscapeLeft UIInterfaceOrientationLandscapeRight";
				INFOPLIST_KEY_UISupportedInterfaceOrientations_iPhone = "UIInterfaceOrientationPortrait UIInterfaceOrientationLandscapeLeft UIInterfaceOrientationLandscapeRight";
				LD_RUNPATH_SEARCH_PATHS = (
					"$(inherited)",
					"@executable_path/Frameworks",
				);
				MARKETING_VERSION = 1.0;
				PRODUCT_BUNDLE_IDENTIFIER = ios.nl.fiu.edu.flixster;
				PRODUCT_NAME = "$(TARGET_NAME)";
				SWIFT_EMIT_LOC_STRINGS = YES;
				SWIFT_VERSION = 5.0;
				TARGETED_DEVICE_FAMILY = "1,2";
			};
			name = Debug;
		};
		A4627BAF28CFFE7700EAE8FD /* Release */ = {
			isa = XCBuildConfiguration;
			baseConfigurationReference = 0DBA38F22C23D96DBA7FBDAD /* Pods-flixster.release.xcconfig */;
			buildSettings = {
				ASSETCATALOG_COMPILER_APPICON_NAME = AppIcon;
				ASSETCATALOG_COMPILER_GLOBAL_ACCENT_COLOR_NAME = AccentColor;
				CODE_SIGN_STYLE = Automatic;
				CURRENT_PROJECT_VERSION = 1;
				DEVELOPMENT_TEAM = 736CS4AVMR;
				GENERATE_INFOPLIST_FILE = YES;
				INFOPLIST_FILE = flixster/Info.plist;
				INFOPLIST_KEY_UIApplicationSupportsIndirectInputEvents = YES;
				INFOPLIST_KEY_UILaunchStoryboardName = LaunchScreen;
				INFOPLIST_KEY_UIMainStoryboardFile = Main;
				INFOPLIST_KEY_UISupportedInterfaceOrientations = "UIInterfaceOrientationLandscapeRight UIInterfaceOrientationPortrait UIInterfaceOrientationLandscapeLeft";
				INFOPLIST_KEY_UISupportedInterfaceOrientations_iPad = "UIInterfaceOrientationPortrait UIInterfaceOrientationPortraitUpsideDown UIInterfaceOrientationLandscapeLeft UIInterfaceOrientationLandscapeRight";
				INFOPLIST_KEY_UISupportedInterfaceOrientations_iPhone = "UIInterfaceOrientationPortrait UIInterfaceOrientationLandscapeLeft UIInterfaceOrientationLandscapeRight";
				LD_RUNPATH_SEARCH_PATHS = (
					"$(inherited)",
					"@executable_path/Frameworks",
				);
				MARKETING_VERSION = 1.0;
				PRODUCT_BUNDLE_IDENTIFIER = ios.nl.fiu.edu.flixster;
				PRODUCT_NAME = "$(TARGET_NAME)";
				SWIFT_EMIT_LOC_STRINGS = YES;
				SWIFT_VERSION = 5.0;
				TARGETED_DEVICE_FAMILY = "1,2";
			};
			name = Release;
		};
		A4627BB128CFFE7700EAE8FD /* Debug */ = {
			isa = XCBuildConfiguration;
			baseConfigurationReference = DB20025452D9B13F30CBD1C2 /* Pods-flixsterTests.debug.xcconfig */;
			buildSettings = {
				ALWAYS_EMBED_SWIFT_STANDARD_LIBRARIES = YES;
				BUNDLE_LOADER = "$(TEST_HOST)";
				CODE_SIGN_STYLE = Automatic;
				CURRENT_PROJECT_VERSION = 1;
				DEVELOPMENT_TEAM = 736CS4AVMR;
				GENERATE_INFOPLIST_FILE = YES;
				IPHONEOS_DEPLOYMENT_TARGET = 15.5;
				MARKETING_VERSION = 1.0;
				PRODUCT_BUNDLE_IDENTIFIER = ios.nl.fiu.edu.flixsterTests;
				PRODUCT_NAME = "$(TARGET_NAME)";
				SWIFT_EMIT_LOC_STRINGS = NO;
				SWIFT_VERSION = 5.0;
				TARGETED_DEVICE_FAMILY = "1,2";
				TEST_HOST = "$(BUILT_PRODUCTS_DIR)/flixster.app/flixster";
			};
			name = Debug;
		};
		A4627BB228CFFE7700EAE8FD /* Release */ = {
			isa = XCBuildConfiguration;
			baseConfigurationReference = 1DACA315AD2CCC25EC842E6E /* Pods-flixsterTests.release.xcconfig */;
			buildSettings = {
				ALWAYS_EMBED_SWIFT_STANDARD_LIBRARIES = YES;
				BUNDLE_LOADER = "$(TEST_HOST)";
				CODE_SIGN_STYLE = Automatic;
				CURRENT_PROJECT_VERSION = 1;
				DEVELOPMENT_TEAM = 736CS4AVMR;
				GENERATE_INFOPLIST_FILE = YES;
				IPHONEOS_DEPLOYMENT_TARGET = 15.5;
				MARKETING_VERSION = 1.0;
				PRODUCT_BUNDLE_IDENTIFIER = ios.nl.fiu.edu.flixsterTests;
				PRODUCT_NAME = "$(TARGET_NAME)";
				SWIFT_EMIT_LOC_STRINGS = NO;
				SWIFT_VERSION = 5.0;
				TARGETED_DEVICE_FAMILY = "1,2";
				TEST_HOST = "$(BUILT_PRODUCTS_DIR)/flixster.app/flixster";
			};
			name = Release;
		};
		A4627BB428CFFE7700EAE8FD /* Debug */ = {
			isa = XCBuildConfiguration;
			baseConfigurationReference = 1CDDFFA2EB0F39F0D1EC6590 /* Pods-flixster-flixsterUITests.debug.xcconfig */;
			buildSettings = {
				ALWAYS_EMBED_SWIFT_STANDARD_LIBRARIES = YES;
				CODE_SIGN_STYLE = Automatic;
				CURRENT_PROJECT_VERSION = 1;
				DEVELOPMENT_TEAM = 736CS4AVMR;
				GENERATE_INFOPLIST_FILE = YES;
				MARKETING_VERSION = 1.0;
				PRODUCT_BUNDLE_IDENTIFIER = ios.nl.fiu.edu.flixsterUITests;
				PRODUCT_NAME = "$(TARGET_NAME)";
				SWIFT_EMIT_LOC_STRINGS = NO;
				SWIFT_VERSION = 5.0;
				TARGETED_DEVICE_FAMILY = "1,2";
				TEST_TARGET_NAME = flixster;
			};
			name = Debug;
		};
		A4627BB528CFFE7700EAE8FD /* Release */ = {
			isa = XCBuildConfiguration;
			baseConfigurationReference = 2485D3B03EA1C8FF5E831E48 /* Pods-flixster-flixsterUITests.release.xcconfig */;
			buildSettings = {
				ALWAYS_EMBED_SWIFT_STANDARD_LIBRARIES = YES;
				CODE_SIGN_STYLE = Automatic;
				CURRENT_PROJECT_VERSION = 1;
				DEVELOPMENT_TEAM = 736CS4AVMR;
				GENERATE_INFOPLIST_FILE = YES;
				MARKETING_VERSION = 1.0;
				PRODUCT_BUNDLE_IDENTIFIER = ios.nl.fiu.edu.flixsterUITests;
				PRODUCT_NAME = "$(TARGET_NAME)";
				SWIFT_EMIT_LOC_STRINGS = NO;
				SWIFT_VERSION = 5.0;
				TARGETED_DEVICE_FAMILY = "1,2";
				TEST_TARGET_NAME = flixster;
			};
			name = Release;
		};
/* End XCBuildConfiguration section */

/* Begin XCConfigurationList section */
		A4627B7E28CFFE7400EAE8FD /* Build configuration list for PBXProject "flixster" */ = {
			isa = XCConfigurationList;
			buildConfigurations = (
				A4627BAB28CFFE7700EAE8FD /* Debug */,
				A4627BAC28CFFE7700EAE8FD /* Release */,
			);
			defaultConfigurationIsVisible = 0;
			defaultConfigurationName = Release;
		};
		A4627BAD28CFFE7700EAE8FD /* Build configuration list for PBXNativeTarget "flixster" */ = {
			isa = XCConfigurationList;
			buildConfigurations = (
				A4627BAE28CFFE7700EAE8FD /* Debug */,
				A4627BAF28CFFE7700EAE8FD /* Release */,
			);
			defaultConfigurationIsVisible = 0;
			defaultConfigurationName = Release;
		};
		A4627BB028CFFE7700EAE8FD /* Build configuration list for PBXNativeTarget "flixsterTests" */ = {
			isa = XCConfigurationList;
			buildConfigurations = (
				A4627BB128CFFE7700EAE8FD /* Debug */,
				A4627BB228CFFE7700EAE8FD /* Release */,
			);
			defaultConfigurationIsVisible = 0;
			defaultConfigurationName = Release;
		};
		A4627BB328CFFE7700EAE8FD /* Build configuration list for PBXNativeTarget "flixsterUITests" */ = {
			isa = XCConfigurationList;
			buildConfigurations = (
				A4627BB428CFFE7700EAE8FD /* Debug */,
				A4627BB528CFFE7700EAE8FD /* Release */,
			);
			defaultConfigurationIsVisible = 0;
			defaultConfigurationName = Release;
		};
/* End XCConfigurationList section */

/* Begin XCRemoteSwiftPackageReference section */
		A43EACB228D1204E00E3AAB6 /* XCRemoteSwiftPackageReference "AlamofireImage" */ = {
			isa = XCRemoteSwiftPackageReference;
			repositoryURL = "https://github.com/Alamofire/AlamofireImage";
			requirement = {
				kind = upToNextMajorVersion;
				minimumVersion = 4.0.0;
			};
		};
/* End XCRemoteSwiftPackageReference section */

/* Begin XCSwiftPackageProductDependency section */
		A43EACB328D1204E00E3AAB6 /* AlamofireImage */ = {
			isa = XCSwiftPackageProductDependency;
			package = A43EACB228D1204E00E3AAB6 /* XCRemoteSwiftPackageReference "AlamofireImage" */;
			productName = AlamofireImage;
		};
/* End XCSwiftPackageProductDependency section */
	};
	rootObject = A4627B7B28CFFE7400EAE8FD /* Project object */;
}
